github.com/larsartmann/go-error-family v0.10.1 h1:lf1RNjpdK7k+tCzphkg5qRolAY76U8OGEc09ZsZ5S6A=
github.com/larsartmann/go-error-family v0.10.1/go.mod h1:SYSVwVMTkw2GcqXI4khjMYOg7ey39o8sh7rXC9LfNcY=
pgregory.net/rapid v1.3.0 h1:vBvO0VSqti75J1jjYqpgPNBLKMd1+gxa9fYo7vk/Exc=
pgregory.net/rapid v1.3.0/go.mod h1:dPlE4OBBxgXPqkP79flB6sJL1dx5azpI7HQ9MY9Z7uk=
